
Microsoft Visual Studio Solution File, Format Version 12.00
# Visual Studio Version 17
VisualStudioVersion = 17.7.34024.191
MinimumVisualStudioVersion = 10.0.40219.1
Project("{FAE04EC0-301F-11D3-BF4B-00C04F79EFBC}") = "MSTest", "MSTest\MSTest.csproj", "{92CAF4A6-3C10-4D25-8D44-D84F43B4CF7A}"
EndProject
Project("{FAE04EC0-301F-11D3-BF4B-00C04F79EFBC}") = "ICPMSTest", "ICPMSTest\ICPMSTest.csproj", "{D4C73919-DA9C-42B1-8BA7-AE5D4BEFC75A}"
EndProject
Global
	GlobalSection(SolutionConfigurationPlatforms) = preSolution
		Debug|Any CPU = Debug|Any CPU
		Release|Any CPU = Release|Any CPU
	EndGlobalSection
	GlobalSection(ProjectConfigurationPlatforms) = postSolution
		{92CAF4A6-3C10-4D25-8D44-D84F43B4CF7A}.Debug|Any CPU.ActiveCfg = Debug|Any CPU
		{92CAF4A6-3C10-4D25-8D44-D84F43B4CF7A}.Debug|Any CPU.Build.0 = Debug|Any CPU
		{92CAF4A6-3C10-4D25-8D44-D84F43B4CF7A}.Release|Any CPU.ActiveCfg = Release|Any CPU
		{92CAF4A6-3C10-4D25-8D44-D84F43B4CF7A}.Release|Any CPU.Build.0 = Release|Any CPU
		{D4C73919-DA9C-42B1-8BA7-AE5D4BEFC75A}.Debug|Any CPU.ActiveCfg = Debug|Any CPU
		{D4C73919-DA9C-42B1-8BA7-AE5D4BEFC75A}.Debug|Any CPU.Build.0 = Debug|Any CPU
		{D4C73919-DA9C-42B1-8BA7-AE5D4BEFC75A}.Release|Any CPU.ActiveCfg = Release|Any CPU
		{D4C73919-DA9C-42B1-8BA7-AE5D4BEFC75A}.Release|Any CPU.Build.0 = Release|Any CPU
	EndGlobalSection
	GlobalSection(SolutionProperties) = preSolution
		HideSolutionNode = FALSE
	EndGlobalSection
	GlobalSection(ExtensibilityGlobals) = postSolution
		SolutionGuid = {6A5596F5-B57A-4BE3-BC60-6AB2F75FDCC3}
	EndGlobalSection
EndGlobal
